
Microsoft Visual Studio Solution File, Format Version 12.00
# Visual Studio 15
VisualStudioVersion = 15.0.27428.2005
MinimumVisualStudioVersion = 10.0.40219.1
Project("{2150E333-8FDC-42A3-9474-1A3956D46DE8}") = "Common", "Common", "{E4477379-7F62-447B-8B12-94337CFFE5D8}"
EndProject
Project("{2150E333-8FDC-42A3-9474-1A3956D46DE8}") = "PodCaster", "PodCaster", "{142DB37D-60E1-4594-8E77-6BC5D38E60C4}"
EndProject
Project("{FAE04EC0-301F-11D3-BF4B-00C04F79EFBC}") = "eWolfPodcasterUI", "PodCaster\eWolfPodcasterUI\eWolfPodcasterUI.csproj", "{DDDBF813-0227-43E4-854C-0C9153C091D6}"
EndProject
Project("{FAE04EC0-301F-11D3-BF4B-00C04F79EFBC}") = "eWolfPodcasterUnitTests", "PodCaster\eWolfPodcasterUnitTests\eWolfPodcasterUnitTests.csproj", "{4BE384AF-0600-4182-A959-2E35E0828FAF}"
	ProjectSection(ProjectDependencies) = postProject
		{53DA1140-1AF7-4832-A764-767AD6124A8B} = {53DA1140-1AF7-4832-A764-767AD6124A8B}
	EndProjectSection
EndProject
Project("{2150E333-8FDC-42A3-9474-1A3956D46DE8}") = "Solution Items", "Solution Items", "{C8F711A4-BB7F-47F7-A781-4BDC92932834}"
	ProjectSection(SolutionItems) = preProject
		appveyor.yml = appveyor.yml
		ReadMe.txt = ReadMe.txt
	EndProjectSection
EndProject
Project("{FAE04EC0-301F-11D3-BF4B-00C04F79EFBC}") = "eWolfPodcasterUWP", "PodCaster\eWolfPodcasterUWP\eWolfPodcasterUWP.csproj", "{5218A553-BFCF-4133-8289-BBF43617C65C}"
EndProject
Project("{9A19103F-16F7-4668-BE54-9A1E7A4F7556}") = "eWolfPodcasterCore", "PodCaster\eWolfPodcasterCore\eWolfPodcasterCore.csproj", "{53DA1140-1AF7-4832-A764-767AD6124A8B}"
EndProject
Global
	GlobalSection(SolutionConfigurationPlatforms) = preSolution
		Debug|Any CPU = Debug|Any CPU
		Debug|ARM = Debug|ARM
		Debug|x64 = Debug|x64
		Debug|x86 = Debug|x86
		Release|Any CPU = Release|Any CPU
		Release|ARM = Release|ARM
		Release|x64 = Release|x64
		Release|x86 = Release|x86
	EndGlobalSection
	GlobalSection(ProjectConfigurationPlatforms) = postSolution
		{DDDBF813-0227-43E4-854C-0C9153C091D6}.Debug|Any CPU.ActiveCfg = Debug|Any CPU
		{DDDBF813-0227-43E4-854C-0C9153C091D6}.Debug|Any CPU.Build.0 = Debug|Any CPU
		{DDDBF813-0227-43E4-854C-0C9153C091D6}.Debug|ARM.ActiveCfg = Debug|Any CPU
		{DDDBF813-0227-43E4-854C-0C9153C091D6}.Debug|ARM.Build.0 = Debug|Any CPU
		{DDDBF813-0227-43E4-854C-0C9153C091D6}.Debug|x64.ActiveCfg = Debug|Any CPU
		{DDDBF813-0227-43E4-854C-0C9153C091D6}.Debug|x64.Build.0 = Debug|Any CPU
		{DDDBF813-0227-43E4-854C-0C9153C091D6}.Debug|x86.ActiveCfg = Debug|Any CPU
		{DDDBF813-0227-43E4-854C-0C9153C091D6}.Debug|x86.Build.0 = Debug|Any CPU
		{DDDBF813-0227-43E4-854C-0C9153C091D6}.Release|Any CPU.ActiveCfg = Release|Any CPU
		{DDDBF813-0227-43E4-854C-0C9153C091D6}.Release|Any CPU.Build.0 = Release|Any CPU
		{DDDBF813-0227-43E4-854C-0C9153C091D6}.Release|ARM.ActiveCfg = Release|Any CPU
		{DDDBF813-0227-43E4-854C-0C9153C091D6}.Release|ARM.Build.0 = Release|Any CPU
		{DDDBF813-0227-43E4-854C-0C9153C091D6}.Release|x64.ActiveCfg = Release|Any CPU
		{DDDBF813-0227-43E4-854C-0C9153C091D6}.Release|x64.Build.0 = Release|Any CPU
		{DDDBF813-0227-43E4-854C-0C9153C091D6}.Release|x86.ActiveCfg = Release|Any CPU
		{DDDBF813-0227-43E4-854C-0C9153C091D6}.Release|x86.Build.0 = Release|Any CPU
		{4BE384AF-0600-4182-A959-2E35E0828FAF}.Debug|Any CPU.ActiveCfg = Debug|Any CPU
		{4BE384AF-0600-4182-A959-2E35E0828FAF}.Debug|Any CPU.Build.0 = Debug|Any CPU
		{4BE384AF-0600-4182-A959-2E35E0828FAF}.Debug|ARM.ActiveCfg = Debug|Any CPU
		{4BE384AF-0600-4182-A959-2E35E0828FAF}.Debug|ARM.Build.0 = Debug|Any CPU
		{4BE384AF-0600-4182-A959-2E35E0828FAF}.Debug|x64.ActiveCfg = Debug|Any CPU
		{4BE384AF-0600-4182-A959-2E35E0828FAF}.Debug|x64.Build.0 = Debug|Any CPU
		{4BE384AF-0600-4182-A959-2E35E0828FAF}.Debug|x86.ActiveCfg = Debug|Any CPU
		{4BE384AF-0600-4182-A959-2E35E0828FAF}.Debug|x86.Build.0 = Debug|Any CPU
		{4BE384AF-0600-4182-A959-2E35E0828FAF}.Release|Any CPU.ActiveCfg = Release|Any CPU
		{4BE384AF-0600-4182-A959-2E35E0828FAF}.Release|Any CPU.Build.0 = Release|Any CPU
		{4BE384AF-0600-4182-A959-2E35E0828FAF}.Release|ARM.ActiveCfg = Release|Any CPU
		{4BE384AF-0600-4182-A959-2E35E0828FAF}.Release|ARM.Build.0 = Release|Any CPU
		{4BE384AF-0600-4182-A959-2E35E0828FAF}.Release|x64.ActiveCfg = Release|Any CPU
		{4BE384AF-0600-4182-A959-2E35E0828FAF}.Release|x64.Build.0 = Release|Any CPU
		{4BE384AF-0600-4182-A959-2E35E0828FAF}.Release|x86.ActiveCfg = Release|Any CPU
		{4BE384AF-0600-4182-A959-2E35E0828FAF}.Release|x86.Build.0 = Release|Any CPU
		{5218A553-BFCF-4133-8289-BBF43617C65C}.Debug|Any CPU.ActiveCfg = Debug|x64
		{5218A553-BFCF-4133-8289-BBF43617C65C}.Debug|Any CPU.Build.0 = Debug|x64
		{5218A553-BFCF-4133-8289-BBF43617C65C}.Debug|Any CPU.Deploy.0 = Debug|x64
		{5218A553-BFCF-4133-8289-BBF43617C65C}.Debug|ARM.ActiveCfg = Debug|ARM
		{5218A553-BFCF-4133-8289-BBF43617C65C}.Debug|ARM.Build.0 = Debug|ARM
		{5218A553-BFCF-4133-8289-BBF43617C65C}.Debug|ARM.Deploy.0 = Debug|ARM
		{5218A553-BFCF-4133-8289-BBF43617C65C}.Debug|x64.ActiveCfg = Debug|x64
		{5218A553-BFCF-4133-8289-BBF43617C65C}.Debug|x64.Build.0 = Debug|x64
		{5218A553-BFCF-4133-8289-BBF43617C65C}.Debug|x64.Deploy.0 = Debug|x64
		{5218A553-BFCF-4133-8289-BBF43617C65C}.Debug|x86.ActiveCfg = Debug|x86
		{5218A553-BFCF-4133-8289-BBF43617C65C}.Debug|x86.Build.0 = Debug|x86
		{5218A553-BFCF-4133-8289-BBF43617C65C}.Debug|x86.Deploy.0 = Debug|x86
		{5218A553-BFCF-4133-8289-BBF43617C65C}.Release|Any CPU.ActiveCfg = Release|x64
		{5218A553-BFCF-4133-8289-BBF43617C65C}.Release|ARM.ActiveCfg = Release|ARM
		{5218A553-BFCF-4133-8289-BBF43617C65C}.Release|ARM.Build.0 = Release|ARM
		{5218A553-BFCF-4133-8289-BBF43617C65C}.Release|ARM.Deploy.0 = Release|ARM
		{5218A553-BFCF-4133-8289-BBF43617C65C}.Release|x64.ActiveCfg = Release|x64
		{5218A553-BFCF-4133-8289-BBF43617C65C}.Release|x64.Build.0 = Release|x64
		{5218A553-BFCF-4133-8289-BBF43617C65C}.Release|x64.Deploy.0 = Release|x64
		{5218A553-BFCF-4133-8289-BBF43617C65C}.Release|x86.ActiveCfg = Release|x86
		{5218A553-BFCF-4133-8289-BBF43617C65C}.Release|x86.Build.0 = Release|x86
		{5218A553-BFCF-4133-8289-BBF43617C65C}.Release|x86.Deploy.0 = Release|x86
		{53DA1140-1AF7-4832-A764-767AD6124A8B}.Debug|Any CPU.ActiveCfg = Debug|Any CPU
		{53DA1140-1AF7-4832-A764-767AD6124A8B}.Debug|Any CPU.Build.0 = Debug|Any CPU
		{53DA1140-1AF7-4832-A764-767AD6124A8B}.Debug|ARM.ActiveCfg = Debug|Any CPU
		{53DA1140-1AF7-4832-A764-767AD6124A8B}.Debug|ARM.Build.0 = Debug|Any CPU
		{53DA1140-1AF7-4832-A764-767AD6124A8B}.Debug|x64.ActiveCfg = Debug|Any CPU
		{53DA1140-1AF7-4832-A764-767AD6124A8B}.Debug|x64.Build.0 = Debug|Any CPU
		{53DA1140-1AF7-4832-A764-767AD6124A8B}.Debug|x86.ActiveCfg = Debug|Any CPU
		{53DA1140-1AF7-4832-A764-767AD6124A8B}.Debug|x86.Build.0 = Debug|Any CPU
		{53DA1140-1AF7-4832-A764-767AD6124A8B}.Release|Any CPU.ActiveCfg = Release|Any CPU
		{53DA1140-1AF7-4832-A764-767AD6124A8B}.Release|Any CPU.Build.0 = Release|Any CPU
		{53DA1140-1AF7-4832-A764-767AD6124A8B}.Release|ARM.ActiveCfg = Release|Any CPU
		{53DA1140-1AF7-4832-A764-767AD6124A8B}.Release|ARM.Build.0 = Release|Any CPU
		{53DA1140-1AF7-4832-A764-767AD6124A8B}.Release|x64.ActiveCfg = Release|Any CPU
		{53DA1140-1AF7-4832-A764-767AD6124A8B}.Release|x64.Build.0 = Release|Any CPU
		{53DA1140-1AF7-4832-A764-767AD6124A8B}.Release|x86.ActiveCfg = Release|Any CPU
		{53DA1140-1AF7-4832-A764-767AD6124A8B}.Release|x86.Build.0 = Release|Any CPU
	EndGlobalSection
	GlobalSection(SolutionProperties) = preSolution
		HideSolutionNode = FALSE
	EndGlobalSection
	GlobalSection(NestedProjects) = preSolution
		{DDDBF813-0227-43E4-854C-0C9153C091D6} = {142DB37D-60E1-4594-8E77-6BC5D38E60C4}
		{4BE384AF-0600-4182-A959-2E35E0828FAF} = {142DB37D-60E1-4594-8E77-6BC5D38E60C4}
		{5218A553-BFCF-4133-8289-BBF43617C65C} = {142DB37D-60E1-4594-8E77-6BC5D38E60C4}
		{53DA1140-1AF7-4832-A764-767AD6124A8B} = {142DB37D-60E1-4594-8E77-6BC5D38E60C4}
	EndGlobalSection
	GlobalSection(ExtensibilityGlobals) = postSolution
		SolutionGuid = {7BF211A1-AD9A-4012-8319-C8E74664B742}
	EndGlobalSection
EndGlobal
