
Microsoft Visual Studio Solution File, Format Version 12.00
# Visual Studio Version 16
VisualStudioVersion = 16.0.29209.62
MinimumVisualStudioVersion = 10.0.40219.1
Project("{2150E333-8FDC-42A3-9474-1A3956D46DE8}") = "Common", "Common", "{E4477379-7F62-447B-8B12-94337CFFE5D8}"
EndProject
Project("{2150E333-8FDC-42A3-9474-1A3956D46DE8}") = "PodCaster", "PodCaster", "{142DB37D-60E1-4594-8E77-6BC5D38E60C4}"
EndProject
Project("{FAE04EC0-301F-11D3-BF4B-00C04F79EFBC}") = "eWolfPodcasterUI", "PodCaster\eWolfPodcasterUI\eWolfPodcasterUI.csproj", "{DDDBF813-0227-43E4-854C-0C9153C091D6}"
EndProject
Project("{FAE04EC0-301F-11D3-BF4B-00C04F79EFBC}") = "eWolfPodcasterCoreUnitTests", "PodCaster\eWolfPodcasterUnitTests\eWolfPodcasterCoreUnitTests.csproj", "{4BE384AF-0600-4182-A959-2E35E0828FAF}"
	ProjectSection(ProjectDependencies) = postProject
		{53DA1140-1AF7-4832-A764-767AD6124A8B} = {53DA1140-1AF7-4832-A764-767AD6124A8B}
	EndProjectSection
EndProject
Project("{2150E333-8FDC-42A3-9474-1A3956D46DE8}") = "Solution Items", "Solution Items", "{C8F711A4-BB7F-47F7-A781-4BDC92932834}"
	ProjectSection(SolutionItems) = preProject
		appveyor.yml = appveyor.yml
		ReadMe.txt = ReadMe.txt
	EndProjectSection
EndProject
Project("{9A19103F-16F7-4668-BE54-9A1E7A4F7556}") = "eWolfPodcasterCore", "PodCaster\eWolfPodcasterCore\eWolfPodcasterCore.csproj", "{53DA1140-1AF7-4832-A764-767AD6124A8B}"
EndProject
Project("{2150E333-8FDC-42A3-9474-1A3956D46DE8}") = "SystemTray", "SystemTray", "{1B6F4B1A-18D2-4A40-8504-BA509CC2C552}"
EndProject
Project("{FAE04EC0-301F-11D3-BF4B-00C04F79EFBC}") = "SystemTrayTools", "SystemTray\SystemTrayTools\SystemTrayTools.csproj", "{F7517C61-95A8-47F0-AF4F-64BCADC2513E}"
EndProject
Project("{FAE04EC0-301F-11D3-BF4B-00C04F79EFBC}") = "SystemTrayToolsUnitTests", "SystemTray\SystemTrayToolsUnitTests\SystemTrayToolsUnitTests.csproj", "{0C460439-1955-42CE-B0DA-0BF578FBF66F}"
EndProject
Project("{9A19103F-16F7-4668-BE54-9A1E7A4F7556}") = "eWolfCommon", "Common\eWolfCommon\eWolfCommon.csproj", "{BBFAEC0A-F7DD-4667-BF9A-3DE2246402DB}"
EndProject
Project("{FAE04EC0-301F-11D3-BF4B-00C04F79EFBC}") = "eWolfCommonUnitTests", "Common\eWolfCommonUnitTests\eWolfCommonUnitTests.csproj", "{5FA2656A-3A9F-43F2-8A5A-A336C2693B80}"
EndProject
Project("{2150E333-8FDC-42A3-9474-1A3956D46DE8}") = "AudioWolf", "AudioWolf", "{0E7165EB-DFF8-4645-B694-310BCD9441FC}"
EndProject
Project("{9A19103F-16F7-4668-BE54-9A1E7A4F7556}") = "AudioWolfStandard", "AudioWolf\AudioWolfStandard\AudioWolfStandard.csproj", "{3605692E-C428-4062-8405-9973FD07F5D4}"
EndProject
Project("{FAE04EC0-301F-11D3-BF4B-00C04F79EFBC}") = "AudioWolfUI", "AudioWolf\AudioWolfUI\AudioWolfUI.csproj", "{264208D1-0D26-4455-AF74-2A2A175450C7}"
EndProject
Project("{FAE04EC0-301F-11D3-BF4B-00C04F79EFBC}") = "WaveFormRendererLib", "AudioWolf\WaveFormRendererLib\WaveFormRendererLib.csproj", "{3EFEF2D1-5D08-46FD-AF6D-098DBE7FB3B4}"
EndProject
Project("{FAE04EC0-301F-11D3-BF4B-00C04F79EFBC}") = "AudioWolfStandardUnitTests", "AudioWolf\AudioWolfBaseUnitTests\AudioWolfStandardUnitTests.csproj", "{6429D25B-9581-4882-A0BA-2022F7161AD2}"
EndProject
Project("{2150E333-8FDC-42A3-9474-1A3956D46DE8}") = "Commands", "Commands", "{537C485D-57F7-4108-8CD0-8538C54CB572}"
EndProject
Project("{FAE04EC0-301F-11D3-BF4B-00C04F79EFBC}") = "Increment", "Commands\Increment\Increment.csproj", "{CC0A72FD-8E95-4EC1-BE3B-A529BFA57261}"
EndProject
Project("{FAE04EC0-301F-11D3-BF4B-00C04F79EFBC}") = "IncrementUnitTests", "Commands\IncrementUnitTests\IncrementUnitTests.csproj", "{DBB2FC65-9230-41D6-8990-58F9B1079EDD}"
EndProject
Project("{FAE04EC0-301F-11D3-BF4B-00C04F79EFBC}") = "RenameAllFilesInFolder", "Commands\RenameAllFilesInFolder\RenameAllFilesInFolder.csproj", "{1BC1B78E-D71B-4630-AFBC-9604C0A3A9A7}"
EndProject
Project("{FAE04EC0-301F-11D3-BF4B-00C04F79EFBC}") = "RenameAllFilesInFolderUnitTests", "Commands\RenameAllFilesInFolderUnitTests\RenameAllFilesInFolderUnitTests.csproj", "{CE7CD3F0-5C5E-40E2-A937-CBDA0DC719B4}"
EndProject
Project("{2150E333-8FDC-42A3-9474-1A3956D46DE8}") = "Increment", "Increment", "{190053B5-4366-4020-AC5D-1CD03E46A010}"
EndProject
Project("{2150E333-8FDC-42A3-9474-1A3956D46DE8}") = "RenameAllFilesInFolder", "RenameAllFilesInFolder", "{A63F8958-4FCA-4ED2-8297-918BC2B00CA5}"
EndProject
Project("{2150E333-8FDC-42A3-9474-1A3956D46DE8}") = "RenameFilesWithPostName", "RenameFilesWithPostName", "{1F9B572F-733D-4B16-AD32-A54A852EC3AF}"
EndProject
Project("{2150E333-8FDC-42A3-9474-1A3956D46DE8}") = "FileDuplicates", "FileDuplicates", "{2E2F3EB7-01C1-4F40-AF96-B0FB06F03D2B}"
EndProject
Project("{FAE04EC0-301F-11D3-BF4B-00C04F79EFBC}") = "FileDuplicates", "FileDuplicates\FileDuplicates\FileDuplicates.csproj", "{D91B975E-7DFE-45EE-BFC8-91791EA3FCBE}"
EndProject
Project("{2150E333-8FDC-42A3-9474-1A3956D46DE8}") = "eWolfTagSystem", "eWolfTagSystem", "{79803E45-8C83-408A-8003-DCE2762A7B0D}"
EndProject
Project("{9A19103F-16F7-4668-BE54-9A1E7A4F7556}") = "eWolfTagHolders", "eWolfTagSystem\eWolfTagHolders\eWolfTagHolders.csproj", "{5BDE4C53-98F6-448E-8362-128AD10D1519}"
EndProject
Project("{9A19103F-16F7-4668-BE54-9A1E7A4F7556}") = "eWolfTagSystem.UnitTests", "eWolfTagSystem\eWolfTagSystem.UnitTests\eWolfTagSystem.UnitTests.csproj", "{57092857-455C-4F47-A2BF-D1461F935ECC}"
EndProject
Project("{9A19103F-16F7-4668-BE54-9A1E7A4F7556}") = "CommandLineHelpers", "Common\CommandLineHelpers\CommandLineHelpers.csproj", "{E27EEB43-B577-49A6-A53E-2F963CA0805A}"
EndProject
Project("{9A19103F-16F7-4668-BE54-9A1E7A4F7556}") = "eWolfBootstrap", "Common\eWolfBootstrap\eWolfBootstrap.csproj", "{347CA45D-EF31-46D5-8BC9-9AE54C593CA7}"
EndProject
Project("{2150E333-8FDC-42A3-9474-1A3956D46DE8}") = "LogoGenerator", "LogoGenerator", "{6F6F9E1B-3AE2-41F1-B88F-AA72FE434992}"
EndProject
Project("{FAE04EC0-301F-11D3-BF4B-00C04F79EFBC}") = "GenerateLogo", "GeneratorLogos\GenerateLogo\GenerateLogo.csproj", "{6EC5F919-23E6-44EC-84A7-32DE100718ED}"
EndProject
Project("{FAE04EC0-301F-11D3-BF4B-00C04F79EFBC}") = "eWolfBootstrapTests", "Common\eWolfBootstrapTests\eWolfBootstrapTests.csproj", "{584234F6-4B7D-4812-A6BA-8FC9B8233693}"
EndProject
Global
	GlobalSection(SolutionConfigurationPlatforms) = preSolution
		Debug|Any CPU = Debug|Any CPU
		Debug|ARM = Debug|ARM
		Debug|x64 = Debug|x64
		Debug|x86 = Debug|x86
		Release|Any CPU = Release|Any CPU
		Release|ARM = Release|ARM
		Release|x64 = Release|x64
		Release|x86 = Release|x86
	EndGlobalSection
	GlobalSection(ProjectConfigurationPlatforms) = postSolution
		{DDDBF813-0227-43E4-854C-0C9153C091D6}.Debug|Any CPU.ActiveCfg = Debug|x64
		{DDDBF813-0227-43E4-854C-0C9153C091D6}.Debug|Any CPU.Build.0 = Debug|x64
		{DDDBF813-0227-43E4-854C-0C9153C091D6}.Debug|ARM.ActiveCfg = Debug|Any CPU
		{DDDBF813-0227-43E4-854C-0C9153C091D6}.Debug|ARM.Build.0 = Debug|Any CPU
		{DDDBF813-0227-43E4-854C-0C9153C091D6}.Debug|x64.ActiveCfg = Debug|Any CPU
		{DDDBF813-0227-43E4-854C-0C9153C091D6}.Debug|x64.Build.0 = Debug|Any CPU
		{DDDBF813-0227-43E4-854C-0C9153C091D6}.Debug|x86.ActiveCfg = Debug|x86
		{DDDBF813-0227-43E4-854C-0C9153C091D6}.Debug|x86.Build.0 = Debug|x86
		{DDDBF813-0227-43E4-854C-0C9153C091D6}.Release|Any CPU.ActiveCfg = Release|x64
		{DDDBF813-0227-43E4-854C-0C9153C091D6}.Release|Any CPU.Build.0 = Release|x64
		{DDDBF813-0227-43E4-854C-0C9153C091D6}.Release|ARM.ActiveCfg = Release|Any CPU
		{DDDBF813-0227-43E4-854C-0C9153C091D6}.Release|ARM.Build.0 = Release|Any CPU
		{DDDBF813-0227-43E4-854C-0C9153C091D6}.Release|x64.ActiveCfg = Release|Any CPU
		{DDDBF813-0227-43E4-854C-0C9153C091D6}.Release|x64.Build.0 = Release|Any CPU
		{DDDBF813-0227-43E4-854C-0C9153C091D6}.Release|x86.ActiveCfg = Release|Any CPU
		{DDDBF813-0227-43E4-854C-0C9153C091D6}.Release|x86.Build.0 = Release|Any CPU
		{4BE384AF-0600-4182-A959-2E35E0828FAF}.Debug|Any CPU.ActiveCfg = Debug|x64
		{4BE384AF-0600-4182-A959-2E35E0828FAF}.Debug|Any CPU.Build.0 = Debug|x64
		{4BE384AF-0600-4182-A959-2E35E0828FAF}.Debug|ARM.ActiveCfg = Debug|Any CPU
		{4BE384AF-0600-4182-A959-2E35E0828FAF}.Debug|ARM.Build.0 = Debug|Any CPU
		{4BE384AF-0600-4182-A959-2E35E0828FAF}.Debug|x64.ActiveCfg = Debug|Any CPU
		{4BE384AF-0600-4182-A959-2E35E0828FAF}.Debug|x64.Build.0 = Debug|Any CPU
		{4BE384AF-0600-4182-A959-2E35E0828FAF}.Debug|x86.ActiveCfg = Debug|x86
		{4BE384AF-0600-4182-A959-2E35E0828FAF}.Debug|x86.Build.0 = Debug|x86
		{4BE384AF-0600-4182-A959-2E35E0828FAF}.Release|Any CPU.ActiveCfg = Release|x64
		{4BE384AF-0600-4182-A959-2E35E0828FAF}.Release|Any CPU.Build.0 = Release|x64
		{4BE384AF-0600-4182-A959-2E35E0828FAF}.Release|ARM.ActiveCfg = Release|Any CPU
		{4BE384AF-0600-4182-A959-2E35E0828FAF}.Release|ARM.Build.0 = Release|Any CPU
		{4BE384AF-0600-4182-A959-2E35E0828FAF}.Release|x64.ActiveCfg = Release|Any CPU
		{4BE384AF-0600-4182-A959-2E35E0828FAF}.Release|x64.Build.0 = Release|Any CPU
		{4BE384AF-0600-4182-A959-2E35E0828FAF}.Release|x86.ActiveCfg = Release|Any CPU
		{4BE384AF-0600-4182-A959-2E35E0828FAF}.Release|x86.Build.0 = Release|Any CPU
		{53DA1140-1AF7-4832-A764-767AD6124A8B}.Debug|Any CPU.ActiveCfg = Debug|x64
		{53DA1140-1AF7-4832-A764-767AD6124A8B}.Debug|Any CPU.Build.0 = Debug|x64
		{53DA1140-1AF7-4832-A764-767AD6124A8B}.Debug|ARM.ActiveCfg = Debug|Any CPU
		{53DA1140-1AF7-4832-A764-767AD6124A8B}.Debug|ARM.Build.0 = Debug|Any CPU
		{53DA1140-1AF7-4832-A764-767AD6124A8B}.Debug|x64.ActiveCfg = Debug|Any CPU
		{53DA1140-1AF7-4832-A764-767AD6124A8B}.Debug|x64.Build.0 = Debug|Any CPU
		{53DA1140-1AF7-4832-A764-767AD6124A8B}.Debug|x86.ActiveCfg = Debug|x86
		{53DA1140-1AF7-4832-A764-767AD6124A8B}.Debug|x86.Build.0 = Debug|x86
		{53DA1140-1AF7-4832-A764-767AD6124A8B}.Release|Any CPU.ActiveCfg = Release|x64
		{53DA1140-1AF7-4832-A764-767AD6124A8B}.Release|Any CPU.Build.0 = Release|x64
		{53DA1140-1AF7-4832-A764-767AD6124A8B}.Release|ARM.ActiveCfg = Release|Any CPU
		{53DA1140-1AF7-4832-A764-767AD6124A8B}.Release|ARM.Build.0 = Release|Any CPU
		{53DA1140-1AF7-4832-A764-767AD6124A8B}.Release|x64.ActiveCfg = Release|Any CPU
		{53DA1140-1AF7-4832-A764-767AD6124A8B}.Release|x64.Build.0 = Release|Any CPU
		{53DA1140-1AF7-4832-A764-767AD6124A8B}.Release|x86.ActiveCfg = Release|Any CPU
		{53DA1140-1AF7-4832-A764-767AD6124A8B}.Release|x86.Build.0 = Release|Any CPU
		{F7517C61-95A8-47F0-AF4F-64BCADC2513E}.Debug|Any CPU.ActiveCfg = Debug|Any CPU
		{F7517C61-95A8-47F0-AF4F-64BCADC2513E}.Debug|Any CPU.Build.0 = Debug|Any CPU
		{F7517C61-95A8-47F0-AF4F-64BCADC2513E}.Debug|ARM.ActiveCfg = Debug|Any CPU
		{F7517C61-95A8-47F0-AF4F-64BCADC2513E}.Debug|ARM.Build.0 = Debug|Any CPU
		{F7517C61-95A8-47F0-AF4F-64BCADC2513E}.Debug|x64.ActiveCfg = Debug|Any CPU
		{F7517C61-95A8-47F0-AF4F-64BCADC2513E}.Debug|x64.Build.0 = Debug|Any CPU
		{F7517C61-95A8-47F0-AF4F-64BCADC2513E}.Debug|x86.ActiveCfg = Debug|Any CPU
		{F7517C61-95A8-47F0-AF4F-64BCADC2513E}.Debug|x86.Build.0 = Debug|Any CPU
		{F7517C61-95A8-47F0-AF4F-64BCADC2513E}.Release|Any CPU.ActiveCfg = Release|Any CPU
		{F7517C61-95A8-47F0-AF4F-64BCADC2513E}.Release|Any CPU.Build.0 = Release|Any CPU
		{F7517C61-95A8-47F0-AF4F-64BCADC2513E}.Release|ARM.ActiveCfg = Release|Any CPU
		{F7517C61-95A8-47F0-AF4F-64BCADC2513E}.Release|ARM.Build.0 = Release|Any CPU
		{F7517C61-95A8-47F0-AF4F-64BCADC2513E}.Release|x64.ActiveCfg = Release|Any CPU
		{F7517C61-95A8-47F0-AF4F-64BCADC2513E}.Release|x64.Build.0 = Release|Any CPU
		{F7517C61-95A8-47F0-AF4F-64BCADC2513E}.Release|x86.ActiveCfg = Release|Any CPU
		{F7517C61-95A8-47F0-AF4F-64BCADC2513E}.Release|x86.Build.0 = Release|Any CPU
		{0C460439-1955-42CE-B0DA-0BF578FBF66F}.Debug|Any CPU.ActiveCfg = Debug|Any CPU
		{0C460439-1955-42CE-B0DA-0BF578FBF66F}.Debug|Any CPU.Build.0 = Debug|Any CPU
		{0C460439-1955-42CE-B0DA-0BF578FBF66F}.Debug|ARM.ActiveCfg = Debug|Any CPU
		{0C460439-1955-42CE-B0DA-0BF578FBF66F}.Debug|ARM.Build.0 = Debug|Any CPU
		{0C460439-1955-42CE-B0DA-0BF578FBF66F}.Debug|x64.ActiveCfg = Debug|Any CPU
		{0C460439-1955-42CE-B0DA-0BF578FBF66F}.Debug|x64.Build.0 = Debug|Any CPU
		{0C460439-1955-42CE-B0DA-0BF578FBF66F}.Debug|x86.ActiveCfg = Debug|Any CPU
		{0C460439-1955-42CE-B0DA-0BF578FBF66F}.Debug|x86.Build.0 = Debug|Any CPU
		{0C460439-1955-42CE-B0DA-0BF578FBF66F}.Release|Any CPU.ActiveCfg = Release|Any CPU
		{0C460439-1955-42CE-B0DA-0BF578FBF66F}.Release|Any CPU.Build.0 = Release|Any CPU
		{0C460439-1955-42CE-B0DA-0BF578FBF66F}.Release|ARM.ActiveCfg = Release|Any CPU
		{0C460439-1955-42CE-B0DA-0BF578FBF66F}.Release|ARM.Build.0 = Release|Any CPU
		{0C460439-1955-42CE-B0DA-0BF578FBF66F}.Release|x64.ActiveCfg = Release|Any CPU
		{0C460439-1955-42CE-B0DA-0BF578FBF66F}.Release|x64.Build.0 = Release|Any CPU
		{0C460439-1955-42CE-B0DA-0BF578FBF66F}.Release|x86.ActiveCfg = Release|Any CPU
		{0C460439-1955-42CE-B0DA-0BF578FBF66F}.Release|x86.Build.0 = Release|Any CPU
		{BBFAEC0A-F7DD-4667-BF9A-3DE2246402DB}.Debug|Any CPU.ActiveCfg = Debug|Any CPU
		{BBFAEC0A-F7DD-4667-BF9A-3DE2246402DB}.Debug|Any CPU.Build.0 = Debug|Any CPU
		{BBFAEC0A-F7DD-4667-BF9A-3DE2246402DB}.Debug|ARM.ActiveCfg = Debug|Any CPU
		{BBFAEC0A-F7DD-4667-BF9A-3DE2246402DB}.Debug|ARM.Build.0 = Debug|Any CPU
		{BBFAEC0A-F7DD-4667-BF9A-3DE2246402DB}.Debug|x64.ActiveCfg = Debug|Any CPU
		{BBFAEC0A-F7DD-4667-BF9A-3DE2246402DB}.Debug|x64.Build.0 = Debug|Any CPU
		{BBFAEC0A-F7DD-4667-BF9A-3DE2246402DB}.Debug|x86.ActiveCfg = Debug|Any CPU
		{BBFAEC0A-F7DD-4667-BF9A-3DE2246402DB}.Debug|x86.Build.0 = Debug|Any CPU
		{BBFAEC0A-F7DD-4667-BF9A-3DE2246402DB}.Release|Any CPU.ActiveCfg = Release|Any CPU
		{BBFAEC0A-F7DD-4667-BF9A-3DE2246402DB}.Release|Any CPU.Build.0 = Release|Any CPU
		{BBFAEC0A-F7DD-4667-BF9A-3DE2246402DB}.Release|ARM.ActiveCfg = Release|Any CPU
		{BBFAEC0A-F7DD-4667-BF9A-3DE2246402DB}.Release|ARM.Build.0 = Release|Any CPU
		{BBFAEC0A-F7DD-4667-BF9A-3DE2246402DB}.Release|x64.ActiveCfg = Release|Any CPU
		{BBFAEC0A-F7DD-4667-BF9A-3DE2246402DB}.Release|x64.Build.0 = Release|Any CPU
		{BBFAEC0A-F7DD-4667-BF9A-3DE2246402DB}.Release|x86.ActiveCfg = Release|Any CPU
		{BBFAEC0A-F7DD-4667-BF9A-3DE2246402DB}.Release|x86.Build.0 = Release|Any CPU
		{5FA2656A-3A9F-43F2-8A5A-A336C2693B80}.Debug|Any CPU.ActiveCfg = Debug|Any CPU
		{5FA2656A-3A9F-43F2-8A5A-A336C2693B80}.Debug|Any CPU.Build.0 = Debug|Any CPU
		{5FA2656A-3A9F-43F2-8A5A-A336C2693B80}.Debug|ARM.ActiveCfg = Debug|Any CPU
		{5FA2656A-3A9F-43F2-8A5A-A336C2693B80}.Debug|ARM.Build.0 = Debug|Any CPU
		{5FA2656A-3A9F-43F2-8A5A-A336C2693B80}.Debug|x64.ActiveCfg = Debug|Any CPU
		{5FA2656A-3A9F-43F2-8A5A-A336C2693B80}.Debug|x64.Build.0 = Debug|Any CPU
		{5FA2656A-3A9F-43F2-8A5A-A336C2693B80}.Debug|x86.ActiveCfg = Debug|Any CPU
		{5FA2656A-3A9F-43F2-8A5A-A336C2693B80}.Debug|x86.Build.0 = Debug|Any CPU
		{5FA2656A-3A9F-43F2-8A5A-A336C2693B80}.Release|Any CPU.ActiveCfg = Release|Any CPU
		{5FA2656A-3A9F-43F2-8A5A-A336C2693B80}.Release|Any CPU.Build.0 = Release|Any CPU
		{5FA2656A-3A9F-43F2-8A5A-A336C2693B80}.Release|ARM.ActiveCfg = Release|Any CPU
		{5FA2656A-3A9F-43F2-8A5A-A336C2693B80}.Release|ARM.Build.0 = Release|Any CPU
		{5FA2656A-3A9F-43F2-8A5A-A336C2693B80}.Release|x64.ActiveCfg = Release|Any CPU
		{5FA2656A-3A9F-43F2-8A5A-A336C2693B80}.Release|x64.Build.0 = Release|Any CPU
		{5FA2656A-3A9F-43F2-8A5A-A336C2693B80}.Release|x86.ActiveCfg = Release|Any CPU
		{5FA2656A-3A9F-43F2-8A5A-A336C2693B80}.Release|x86.Build.0 = Release|Any CPU
		{3605692E-C428-4062-8405-9973FD07F5D4}.Debug|Any CPU.ActiveCfg = Debug|Any CPU
		{3605692E-C428-4062-8405-9973FD07F5D4}.Debug|Any CPU.Build.0 = Debug|Any CPU
		{3605692E-C428-4062-8405-9973FD07F5D4}.Debug|ARM.ActiveCfg = Debug|Any CPU
		{3605692E-C428-4062-8405-9973FD07F5D4}.Debug|ARM.Build.0 = Debug|Any CPU
		{3605692E-C428-4062-8405-9973FD07F5D4}.Debug|x64.ActiveCfg = Debug|Any CPU
		{3605692E-C428-4062-8405-9973FD07F5D4}.Debug|x64.Build.0 = Debug|Any CPU
		{3605692E-C428-4062-8405-9973FD07F5D4}.Debug|x86.ActiveCfg = Debug|Any CPU
		{3605692E-C428-4062-8405-9973FD07F5D4}.Debug|x86.Build.0 = Debug|Any CPU
		{3605692E-C428-4062-8405-9973FD07F5D4}.Release|Any CPU.ActiveCfg = Release|Any CPU
		{3605692E-C428-4062-8405-9973FD07F5D4}.Release|Any CPU.Build.0 = Release|Any CPU
		{3605692E-C428-4062-8405-9973FD07F5D4}.Release|ARM.ActiveCfg = Release|Any CPU
		{3605692E-C428-4062-8405-9973FD07F5D4}.Release|ARM.Build.0 = Release|Any CPU
		{3605692E-C428-4062-8405-9973FD07F5D4}.Release|x64.ActiveCfg = Release|Any CPU
		{3605692E-C428-4062-8405-9973FD07F5D4}.Release|x64.Build.0 = Release|Any CPU
		{3605692E-C428-4062-8405-9973FD07F5D4}.Release|x86.ActiveCfg = Release|Any CPU
		{3605692E-C428-4062-8405-9973FD07F5D4}.Release|x86.Build.0 = Release|Any CPU
		{264208D1-0D26-4455-AF74-2A2A175450C7}.Debug|Any CPU.ActiveCfg = Debug|Any CPU
		{264208D1-0D26-4455-AF74-2A2A175450C7}.Debug|Any CPU.Build.0 = Debug|Any CPU
		{264208D1-0D26-4455-AF74-2A2A175450C7}.Debug|ARM.ActiveCfg = Debug|Any CPU
		{264208D1-0D26-4455-AF74-2A2A175450C7}.Debug|ARM.Build.0 = Debug|Any CPU
		{264208D1-0D26-4455-AF74-2A2A175450C7}.Debug|x64.ActiveCfg = Debug|Any CPU
		{264208D1-0D26-4455-AF74-2A2A175450C7}.Debug|x64.Build.0 = Debug|Any CPU
		{264208D1-0D26-4455-AF74-2A2A175450C7}.Debug|x86.ActiveCfg = Debug|Any CPU
		{264208D1-0D26-4455-AF74-2A2A175450C7}.Debug|x86.Build.0 = Debug|Any CPU
		{264208D1-0D26-4455-AF74-2A2A175450C7}.Release|Any CPU.ActiveCfg = Release|Any CPU
		{264208D1-0D26-4455-AF74-2A2A175450C7}.Release|Any CPU.Build.0 = Release|Any CPU
		{264208D1-0D26-4455-AF74-2A2A175450C7}.Release|ARM.ActiveCfg = Release|Any CPU
		{264208D1-0D26-4455-AF74-2A2A175450C7}.Release|ARM.Build.0 = Release|Any CPU
		{264208D1-0D26-4455-AF74-2A2A175450C7}.Release|x64.ActiveCfg = Release|Any CPU
		{264208D1-0D26-4455-AF74-2A2A175450C7}.Release|x64.Build.0 = Release|Any CPU
		{264208D1-0D26-4455-AF74-2A2A175450C7}.Release|x86.ActiveCfg = Release|Any CPU
		{264208D1-0D26-4455-AF74-2A2A175450C7}.Release|x86.Build.0 = Release|Any CPU
		{3EFEF2D1-5D08-46FD-AF6D-098DBE7FB3B4}.Debug|Any CPU.ActiveCfg = Debug|Any CPU
		{3EFEF2D1-5D08-46FD-AF6D-098DBE7FB3B4}.Debug|Any CPU.Build.0 = Debug|Any CPU
		{3EFEF2D1-5D08-46FD-AF6D-098DBE7FB3B4}.Debug|ARM.ActiveCfg = Debug|Any CPU
		{3EFEF2D1-5D08-46FD-AF6D-098DBE7FB3B4}.Debug|ARM.Build.0 = Debug|Any CPU
		{3EFEF2D1-5D08-46FD-AF6D-098DBE7FB3B4}.Debug|x64.ActiveCfg = Debug|Any CPU
		{3EFEF2D1-5D08-46FD-AF6D-098DBE7FB3B4}.Debug|x64.Build.0 = Debug|Any CPU
		{3EFEF2D1-5D08-46FD-AF6D-098DBE7FB3B4}.Debug|x86.ActiveCfg = Debug|Any CPU
		{3EFEF2D1-5D08-46FD-AF6D-098DBE7FB3B4}.Debug|x86.Build.0 = Debug|Any CPU
		{3EFEF2D1-5D08-46FD-AF6D-098DBE7FB3B4}.Release|Any CPU.ActiveCfg = Release|Any CPU
		{3EFEF2D1-5D08-46FD-AF6D-098DBE7FB3B4}.Release|Any CPU.Build.0 = Release|Any CPU
		{3EFEF2D1-5D08-46FD-AF6D-098DBE7FB3B4}.Release|ARM.ActiveCfg = Release|Any CPU
		{3EFEF2D1-5D08-46FD-AF6D-098DBE7FB3B4}.Release|ARM.Build.0 = Release|Any CPU
		{3EFEF2D1-5D08-46FD-AF6D-098DBE7FB3B4}.Release|x64.ActiveCfg = Release|Any CPU
		{3EFEF2D1-5D08-46FD-AF6D-098DBE7FB3B4}.Release|x64.Build.0 = Release|Any CPU
		{3EFEF2D1-5D08-46FD-AF6D-098DBE7FB3B4}.Release|x86.ActiveCfg = Release|Any CPU
		{3EFEF2D1-5D08-46FD-AF6D-098DBE7FB3B4}.Release|x86.Build.0 = Release|Any CPU
		{6429D25B-9581-4882-A0BA-2022F7161AD2}.Debug|Any CPU.ActiveCfg = Debug|Any CPU
		{6429D25B-9581-4882-A0BA-2022F7161AD2}.Debug|Any CPU.Build.0 = Debug|Any CPU
		{6429D25B-9581-4882-A0BA-2022F7161AD2}.Debug|ARM.ActiveCfg = Debug|Any CPU
		{6429D25B-9581-4882-A0BA-2022F7161AD2}.Debug|ARM.Build.0 = Debug|Any CPU
		{6429D25B-9581-4882-A0BA-2022F7161AD2}.Debug|x64.ActiveCfg = Debug|Any CPU
		{6429D25B-9581-4882-A0BA-2022F7161AD2}.Debug|x64.Build.0 = Debug|Any CPU
		{6429D25B-9581-4882-A0BA-2022F7161AD2}.Debug|x86.ActiveCfg = Debug|Any CPU
		{6429D25B-9581-4882-A0BA-2022F7161AD2}.Debug|x86.Build.0 = Debug|Any CPU
		{6429D25B-9581-4882-A0BA-2022F7161AD2}.Release|Any CPU.ActiveCfg = Release|Any CPU
		{6429D25B-9581-4882-A0BA-2022F7161AD2}.Release|Any CPU.Build.0 = Release|Any CPU
		{6429D25B-9581-4882-A0BA-2022F7161AD2}.Release|ARM.ActiveCfg = Release|Any CPU
		{6429D25B-9581-4882-A0BA-2022F7161AD2}.Release|ARM.Build.0 = Release|Any CPU
		{6429D25B-9581-4882-A0BA-2022F7161AD2}.Release|x64.ActiveCfg = Release|Any CPU
		{6429D25B-9581-4882-A0BA-2022F7161AD2}.Release|x64.Build.0 = Release|Any CPU
		{6429D25B-9581-4882-A0BA-2022F7161AD2}.Release|x86.ActiveCfg = Release|Any CPU
		{6429D25B-9581-4882-A0BA-2022F7161AD2}.Release|x86.Build.0 = Release|Any CPU
		{CC0A72FD-8E95-4EC1-BE3B-A529BFA57261}.Debug|Any CPU.ActiveCfg = Debug|Any CPU
		{CC0A72FD-8E95-4EC1-BE3B-A529BFA57261}.Debug|Any CPU.Build.0 = Debug|Any CPU
		{CC0A72FD-8E95-4EC1-BE3B-A529BFA57261}.Debug|ARM.ActiveCfg = Debug|Any CPU
		{CC0A72FD-8E95-4EC1-BE3B-A529BFA57261}.Debug|ARM.Build.0 = Debug|Any CPU
		{CC0A72FD-8E95-4EC1-BE3B-A529BFA57261}.Debug|x64.ActiveCfg = Debug|Any CPU
		{CC0A72FD-8E95-4EC1-BE3B-A529BFA57261}.Debug|x64.Build.0 = Debug|Any CPU
		{CC0A72FD-8E95-4EC1-BE3B-A529BFA57261}.Debug|x86.ActiveCfg = Debug|Any CPU
		{CC0A72FD-8E95-4EC1-BE3B-A529BFA57261}.Debug|x86.Build.0 = Debug|Any CPU
		{CC0A72FD-8E95-4EC1-BE3B-A529BFA57261}.Release|Any CPU.ActiveCfg = Release|Any CPU
		{CC0A72FD-8E95-4EC1-BE3B-A529BFA57261}.Release|Any CPU.Build.0 = Release|Any CPU
		{CC0A72FD-8E95-4EC1-BE3B-A529BFA57261}.Release|ARM.ActiveCfg = Release|Any CPU
		{CC0A72FD-8E95-4EC1-BE3B-A529BFA57261}.Release|ARM.Build.0 = Release|Any CPU
		{CC0A72FD-8E95-4EC1-BE3B-A529BFA57261}.Release|x64.ActiveCfg = Release|Any CPU
		{CC0A72FD-8E95-4EC1-BE3B-A529BFA57261}.Release|x64.Build.0 = Release|Any CPU
		{CC0A72FD-8E95-4EC1-BE3B-A529BFA57261}.Release|x86.ActiveCfg = Release|Any CPU
		{CC0A72FD-8E95-4EC1-BE3B-A529BFA57261}.Release|x86.Build.0 = Release|Any CPU
		{DBB2FC65-9230-41D6-8990-58F9B1079EDD}.Debug|Any CPU.ActiveCfg = Debug|Any CPU
		{DBB2FC65-9230-41D6-8990-58F9B1079EDD}.Debug|Any CPU.Build.0 = Debug|Any CPU
		{DBB2FC65-9230-41D6-8990-58F9B1079EDD}.Debug|ARM.ActiveCfg = Debug|Any CPU
		{DBB2FC65-9230-41D6-8990-58F9B1079EDD}.Debug|ARM.Build.0 = Debug|Any CPU
		{DBB2FC65-9230-41D6-8990-58F9B1079EDD}.Debug|x64.ActiveCfg = Debug|Any CPU
		{DBB2FC65-9230-41D6-8990-58F9B1079EDD}.Debug|x64.Build.0 = Debug|Any CPU
		{DBB2FC65-9230-41D6-8990-58F9B1079EDD}.Debug|x86.ActiveCfg = Debug|Any CPU
		{DBB2FC65-9230-41D6-8990-58F9B1079EDD}.Debug|x86.Build.0 = Debug|Any CPU
		{DBB2FC65-9230-41D6-8990-58F9B1079EDD}.Release|Any CPU.ActiveCfg = Release|Any CPU
		{DBB2FC65-9230-41D6-8990-58F9B1079EDD}.Release|Any CPU.Build.0 = Release|Any CPU
		{DBB2FC65-9230-41D6-8990-58F9B1079EDD}.Release|ARM.ActiveCfg = Release|Any CPU
		{DBB2FC65-9230-41D6-8990-58F9B1079EDD}.Release|ARM.Build.0 = Release|Any CPU
		{DBB2FC65-9230-41D6-8990-58F9B1079EDD}.Release|x64.ActiveCfg = Release|Any CPU
		{DBB2FC65-9230-41D6-8990-58F9B1079EDD}.Release|x64.Build.0 = Release|Any CPU
		{DBB2FC65-9230-41D6-8990-58F9B1079EDD}.Release|x86.ActiveCfg = Release|Any CPU
		{DBB2FC65-9230-41D6-8990-58F9B1079EDD}.Release|x86.Build.0 = Release|Any CPU
		{1BC1B78E-D71B-4630-AFBC-9604C0A3A9A7}.Debug|Any CPU.ActiveCfg = Debug|Any CPU
		{1BC1B78E-D71B-4630-AFBC-9604C0A3A9A7}.Debug|Any CPU.Build.0 = Debug|Any CPU
		{1BC1B78E-D71B-4630-AFBC-9604C0A3A9A7}.Debug|ARM.ActiveCfg = Debug|Any CPU
		{1BC1B78E-D71B-4630-AFBC-9604C0A3A9A7}.Debug|ARM.Build.0 = Debug|Any CPU
		{1BC1B78E-D71B-4630-AFBC-9604C0A3A9A7}.Debug|x64.ActiveCfg = Debug|Any CPU
		{1BC1B78E-D71B-4630-AFBC-9604C0A3A9A7}.Debug|x64.Build.0 = Debug|Any CPU
		{1BC1B78E-D71B-4630-AFBC-9604C0A3A9A7}.Debug|x86.ActiveCfg = Debug|Any CPU
		{1BC1B78E-D71B-4630-AFBC-9604C0A3A9A7}.Debug|x86.Build.0 = Debug|Any CPU
		{1BC1B78E-D71B-4630-AFBC-9604C0A3A9A7}.Release|Any CPU.ActiveCfg = Release|Any CPU
		{1BC1B78E-D71B-4630-AFBC-9604C0A3A9A7}.Release|Any CPU.Build.0 = Release|Any CPU
		{1BC1B78E-D71B-4630-AFBC-9604C0A3A9A7}.Release|ARM.ActiveCfg = Release|Any CPU
		{1BC1B78E-D71B-4630-AFBC-9604C0A3A9A7}.Release|ARM.Build.0 = Release|Any CPU
		{1BC1B78E-D71B-4630-AFBC-9604C0A3A9A7}.Release|x64.ActiveCfg = Release|Any CPU
		{1BC1B78E-D71B-4630-AFBC-9604C0A3A9A7}.Release|x64.Build.0 = Release|Any CPU
		{1BC1B78E-D71B-4630-AFBC-9604C0A3A9A7}.Release|x86.ActiveCfg = Release|Any CPU
		{1BC1B78E-D71B-4630-AFBC-9604C0A3A9A7}.Release|x86.Build.0 = Release|Any CPU
		{CE7CD3F0-5C5E-40E2-A937-CBDA0DC719B4}.Debug|Any CPU.ActiveCfg = Debug|Any CPU
		{CE7CD3F0-5C5E-40E2-A937-CBDA0DC719B4}.Debug|Any CPU.Build.0 = Debug|Any CPU
		{CE7CD3F0-5C5E-40E2-A937-CBDA0DC719B4}.Debug|ARM.ActiveCfg = Debug|Any CPU
		{CE7CD3F0-5C5E-40E2-A937-CBDA0DC719B4}.Debug|ARM.Build.0 = Debug|Any CPU
		{CE7CD3F0-5C5E-40E2-A937-CBDA0DC719B4}.Debug|x64.ActiveCfg = Debug|Any CPU
		{CE7CD3F0-5C5E-40E2-A937-CBDA0DC719B4}.Debug|x64.Build.0 = Debug|Any CPU
		{CE7CD3F0-5C5E-40E2-A937-CBDA0DC719B4}.Debug|x86.ActiveCfg = Debug|Any CPU
		{CE7CD3F0-5C5E-40E2-A937-CBDA0DC719B4}.Debug|x86.Build.0 = Debug|Any CPU
		{CE7CD3F0-5C5E-40E2-A937-CBDA0DC719B4}.Release|Any CPU.ActiveCfg = Release|Any CPU
		{CE7CD3F0-5C5E-40E2-A937-CBDA0DC719B4}.Release|Any CPU.Build.0 = Release|Any CPU
		{CE7CD3F0-5C5E-40E2-A937-CBDA0DC719B4}.Release|ARM.ActiveCfg = Release|Any CPU
		{CE7CD3F0-5C5E-40E2-A937-CBDA0DC719B4}.Release|ARM.Build.0 = Release|Any CPU
		{CE7CD3F0-5C5E-40E2-A937-CBDA0DC719B4}.Release|x64.ActiveCfg = Release|Any CPU
		{CE7CD3F0-5C5E-40E2-A937-CBDA0DC719B4}.Release|x64.Build.0 = Release|Any CPU
		{CE7CD3F0-5C5E-40E2-A937-CBDA0DC719B4}.Release|x86.ActiveCfg = Release|Any CPU
		{CE7CD3F0-5C5E-40E2-A937-CBDA0DC719B4}.Release|x86.Build.0 = Release|Any CPU
		{D91B975E-7DFE-45EE-BFC8-91791EA3FCBE}.Debug|Any CPU.ActiveCfg = Debug|Any CPU
		{D91B975E-7DFE-45EE-BFC8-91791EA3FCBE}.Debug|Any CPU.Build.0 = Debug|Any CPU
		{D91B975E-7DFE-45EE-BFC8-91791EA3FCBE}.Debug|ARM.ActiveCfg = Debug|Any CPU
		{D91B975E-7DFE-45EE-BFC8-91791EA3FCBE}.Debug|ARM.Build.0 = Debug|Any CPU
		{D91B975E-7DFE-45EE-BFC8-91791EA3FCBE}.Debug|x64.ActiveCfg = Debug|Any CPU
		{D91B975E-7DFE-45EE-BFC8-91791EA3FCBE}.Debug|x64.Build.0 = Debug|Any CPU
		{D91B975E-7DFE-45EE-BFC8-91791EA3FCBE}.Debug|x86.ActiveCfg = Debug|Any CPU
		{D91B975E-7DFE-45EE-BFC8-91791EA3FCBE}.Debug|x86.Build.0 = Debug|Any CPU
		{D91B975E-7DFE-45EE-BFC8-91791EA3FCBE}.Release|Any CPU.ActiveCfg = Release|Any CPU
		{D91B975E-7DFE-45EE-BFC8-91791EA3FCBE}.Release|Any CPU.Build.0 = Release|Any CPU
		{D91B975E-7DFE-45EE-BFC8-91791EA3FCBE}.Release|ARM.ActiveCfg = Release|Any CPU
		{D91B975E-7DFE-45EE-BFC8-91791EA3FCBE}.Release|ARM.Build.0 = Release|Any CPU
		{D91B975E-7DFE-45EE-BFC8-91791EA3FCBE}.Release|x64.ActiveCfg = Release|Any CPU
		{D91B975E-7DFE-45EE-BFC8-91791EA3FCBE}.Release|x64.Build.0 = Release|Any CPU
		{D91B975E-7DFE-45EE-BFC8-91791EA3FCBE}.Release|x86.ActiveCfg = Release|Any CPU
		{D91B975E-7DFE-45EE-BFC8-91791EA3FCBE}.Release|x86.Build.0 = Release|Any CPU
		{5BDE4C53-98F6-448E-8362-128AD10D1519}.Debug|Any CPU.ActiveCfg = Debug|Any CPU
		{5BDE4C53-98F6-448E-8362-128AD10D1519}.Debug|Any CPU.Build.0 = Debug|Any CPU
		{5BDE4C53-98F6-448E-8362-128AD10D1519}.Debug|ARM.ActiveCfg = Debug|Any CPU
		{5BDE4C53-98F6-448E-8362-128AD10D1519}.Debug|ARM.Build.0 = Debug|Any CPU
		{5BDE4C53-98F6-448E-8362-128AD10D1519}.Debug|x64.ActiveCfg = Debug|Any CPU
		{5BDE4C53-98F6-448E-8362-128AD10D1519}.Debug|x64.Build.0 = Debug|Any CPU
		{5BDE4C53-98F6-448E-8362-128AD10D1519}.Debug|x86.ActiveCfg = Debug|Any CPU
		{5BDE4C53-98F6-448E-8362-128AD10D1519}.Debug|x86.Build.0 = Debug|Any CPU
		{5BDE4C53-98F6-448E-8362-128AD10D1519}.Release|Any CPU.ActiveCfg = Release|Any CPU
		{5BDE4C53-98F6-448E-8362-128AD10D1519}.Release|Any CPU.Build.0 = Release|Any CPU
		{5BDE4C53-98F6-448E-8362-128AD10D1519}.Release|ARM.ActiveCfg = Release|Any CPU
		{5BDE4C53-98F6-448E-8362-128AD10D1519}.Release|ARM.Build.0 = Release|Any CPU
		{5BDE4C53-98F6-448E-8362-128AD10D1519}.Release|x64.ActiveCfg = Release|Any CPU
		{5BDE4C53-98F6-448E-8362-128AD10D1519}.Release|x64.Build.0 = Release|Any CPU
		{5BDE4C53-98F6-448E-8362-128AD10D1519}.Release|x86.ActiveCfg = Release|Any CPU
		{5BDE4C53-98F6-448E-8362-128AD10D1519}.Release|x86.Build.0 = Release|Any CPU
		{57092857-455C-4F47-A2BF-D1461F935ECC}.Debug|Any CPU.ActiveCfg = Debug|Any CPU
		{57092857-455C-4F47-A2BF-D1461F935ECC}.Debug|Any CPU.Build.0 = Debug|Any CPU
		{57092857-455C-4F47-A2BF-D1461F935ECC}.Debug|ARM.ActiveCfg = Debug|Any CPU
		{57092857-455C-4F47-A2BF-D1461F935ECC}.Debug|ARM.Build.0 = Debug|Any CPU
		{57092857-455C-4F47-A2BF-D1461F935ECC}.Debug|x64.ActiveCfg = Debug|Any CPU
		{57092857-455C-4F47-A2BF-D1461F935ECC}.Debug|x64.Build.0 = Debug|Any CPU
		{57092857-455C-4F47-A2BF-D1461F935ECC}.Debug|x86.ActiveCfg = Debug|Any CPU
		{57092857-455C-4F47-A2BF-D1461F935ECC}.Debug|x86.Build.0 = Debug|Any CPU
		{57092857-455C-4F47-A2BF-D1461F935ECC}.Release|Any CPU.ActiveCfg = Release|Any CPU
		{57092857-455C-4F47-A2BF-D1461F935ECC}.Release|Any CPU.Build.0 = Release|Any CPU
		{57092857-455C-4F47-A2BF-D1461F935ECC}.Release|ARM.ActiveCfg = Release|Any CPU
		{57092857-455C-4F47-A2BF-D1461F935ECC}.Release|ARM.Build.0 = Release|Any CPU
		{57092857-455C-4F47-A2BF-D1461F935ECC}.Release|x64.ActiveCfg = Release|Any CPU
		{57092857-455C-4F47-A2BF-D1461F935ECC}.Release|x64.Build.0 = Release|Any CPU
		{57092857-455C-4F47-A2BF-D1461F935ECC}.Release|x86.ActiveCfg = Release|Any CPU
		{57092857-455C-4F47-A2BF-D1461F935ECC}.Release|x86.Build.0 = Release|Any CPU
		{E27EEB43-B577-49A6-A53E-2F963CA0805A}.Debug|Any CPU.ActiveCfg = Debug|Any CPU
		{E27EEB43-B577-49A6-A53E-2F963CA0805A}.Debug|Any CPU.Build.0 = Debug|Any CPU
		{E27EEB43-B577-49A6-A53E-2F963CA0805A}.Debug|ARM.ActiveCfg = Debug|Any CPU
		{E27EEB43-B577-49A6-A53E-2F963CA0805A}.Debug|ARM.Build.0 = Debug|Any CPU
		{E27EEB43-B577-49A6-A53E-2F963CA0805A}.Debug|x64.ActiveCfg = Debug|Any CPU
		{E27EEB43-B577-49A6-A53E-2F963CA0805A}.Debug|x64.Build.0 = Debug|Any CPU
		{E27EEB43-B577-49A6-A53E-2F963CA0805A}.Debug|x86.ActiveCfg = Debug|Any CPU
		{E27EEB43-B577-49A6-A53E-2F963CA0805A}.Debug|x86.Build.0 = Debug|Any CPU
		{E27EEB43-B577-49A6-A53E-2F963CA0805A}.Release|Any CPU.ActiveCfg = Release|Any CPU
		{E27EEB43-B577-49A6-A53E-2F963CA0805A}.Release|Any CPU.Build.0 = Release|Any CPU
		{E27EEB43-B577-49A6-A53E-2F963CA0805A}.Release|ARM.ActiveCfg = Release|Any CPU
		{E27EEB43-B577-49A6-A53E-2F963CA0805A}.Release|ARM.Build.0 = Release|Any CPU
		{E27EEB43-B577-49A6-A53E-2F963CA0805A}.Release|x64.ActiveCfg = Release|Any CPU
		{E27EEB43-B577-49A6-A53E-2F963CA0805A}.Release|x64.Build.0 = Release|Any CPU
		{E27EEB43-B577-49A6-A53E-2F963CA0805A}.Release|x86.ActiveCfg = Release|Any CPU
		{E27EEB43-B577-49A6-A53E-2F963CA0805A}.Release|x86.Build.0 = Release|Any CPU
		{347CA45D-EF31-46D5-8BC9-9AE54C593CA7}.Debug|Any CPU.ActiveCfg = Debug|Any CPU
		{347CA45D-EF31-46D5-8BC9-9AE54C593CA7}.Debug|Any CPU.Build.0 = Debug|Any CPU
		{347CA45D-EF31-46D5-8BC9-9AE54C593CA7}.Debug|ARM.ActiveCfg = Debug|Any CPU
		{347CA45D-EF31-46D5-8BC9-9AE54C593CA7}.Debug|ARM.Build.0 = Debug|Any CPU
		{347CA45D-EF31-46D5-8BC9-9AE54C593CA7}.Debug|x64.ActiveCfg = Debug|Any CPU
		{347CA45D-EF31-46D5-8BC9-9AE54C593CA7}.Debug|x64.Build.0 = Debug|Any CPU
		{347CA45D-EF31-46D5-8BC9-9AE54C593CA7}.Debug|x86.ActiveCfg = Debug|Any CPU
		{347CA45D-EF31-46D5-8BC9-9AE54C593CA7}.Debug|x86.Build.0 = Debug|Any CPU
		{347CA45D-EF31-46D5-8BC9-9AE54C593CA7}.Release|Any CPU.ActiveCfg = Release|Any CPU
		{347CA45D-EF31-46D5-8BC9-9AE54C593CA7}.Release|Any CPU.Build.0 = Release|Any CPU
		{347CA45D-EF31-46D5-8BC9-9AE54C593CA7}.Release|ARM.ActiveCfg = Release|Any CPU
		{347CA45D-EF31-46D5-8BC9-9AE54C593CA7}.Release|ARM.Build.0 = Release|Any CPU
		{347CA45D-EF31-46D5-8BC9-9AE54C593CA7}.Release|x64.ActiveCfg = Release|Any CPU
		{347CA45D-EF31-46D5-8BC9-9AE54C593CA7}.Release|x64.Build.0 = Release|Any CPU
		{347CA45D-EF31-46D5-8BC9-9AE54C593CA7}.Release|x86.ActiveCfg = Release|Any CPU
		{347CA45D-EF31-46D5-8BC9-9AE54C593CA7}.Release|x86.Build.0 = Release|Any CPU
		{6EC5F919-23E6-44EC-84A7-32DE100718ED}.Debug|Any CPU.ActiveCfg = Debug|Any CPU
		{6EC5F919-23E6-44EC-84A7-32DE100718ED}.Debug|Any CPU.Build.0 = Debug|Any CPU
		{6EC5F919-23E6-44EC-84A7-32DE100718ED}.Debug|ARM.ActiveCfg = Debug|Any CPU
		{6EC5F919-23E6-44EC-84A7-32DE100718ED}.Debug|ARM.Build.0 = Debug|Any CPU
		{6EC5F919-23E6-44EC-84A7-32DE100718ED}.Debug|x64.ActiveCfg = Debug|Any CPU
		{6EC5F919-23E6-44EC-84A7-32DE100718ED}.Debug|x64.Build.0 = Debug|Any CPU
		{6EC5F919-23E6-44EC-84A7-32DE100718ED}.Debug|x86.ActiveCfg = Debug|Any CPU
		{6EC5F919-23E6-44EC-84A7-32DE100718ED}.Debug|x86.Build.0 = Debug|Any CPU
		{6EC5F919-23E6-44EC-84A7-32DE100718ED}.Release|Any CPU.ActiveCfg = Release|Any CPU
		{6EC5F919-23E6-44EC-84A7-32DE100718ED}.Release|Any CPU.Build.0 = Release|Any CPU
		{6EC5F919-23E6-44EC-84A7-32DE100718ED}.Release|ARM.ActiveCfg = Release|Any CPU
		{6EC5F919-23E6-44EC-84A7-32DE100718ED}.Release|ARM.Build.0 = Release|Any CPU
		{6EC5F919-23E6-44EC-84A7-32DE100718ED}.Release|x64.ActiveCfg = Release|Any CPU
		{6EC5F919-23E6-44EC-84A7-32DE100718ED}.Release|x64.Build.0 = Release|Any CPU
		{6EC5F919-23E6-44EC-84A7-32DE100718ED}.Release|x86.ActiveCfg = Release|Any CPU
		{6EC5F919-23E6-44EC-84A7-32DE100718ED}.Release|x86.Build.0 = Release|Any CPU
		{584234F6-4B7D-4812-A6BA-8FC9B8233693}.Debug|Any CPU.ActiveCfg = Debug|Any CPU
		{584234F6-4B7D-4812-A6BA-8FC9B8233693}.Debug|Any CPU.Build.0 = Debug|Any CPU
		{584234F6-4B7D-4812-A6BA-8FC9B8233693}.Debug|ARM.ActiveCfg = Debug|Any CPU
		{584234F6-4B7D-4812-A6BA-8FC9B8233693}.Debug|ARM.Build.0 = Debug|Any CPU
		{584234F6-4B7D-4812-A6BA-8FC9B8233693}.Debug|x64.ActiveCfg = Debug|Any CPU
		{584234F6-4B7D-4812-A6BA-8FC9B8233693}.Debug|x64.Build.0 = Debug|Any CPU
		{584234F6-4B7D-4812-A6BA-8FC9B8233693}.Debug|x86.ActiveCfg = Debug|Any CPU
		{584234F6-4B7D-4812-A6BA-8FC9B8233693}.Debug|x86.Build.0 = Debug|Any CPU
		{584234F6-4B7D-4812-A6BA-8FC9B8233693}.Release|Any CPU.ActiveCfg = Release|Any CPU
		{584234F6-4B7D-4812-A6BA-8FC9B8233693}.Release|Any CPU.Build.0 = Release|Any CPU
		{584234F6-4B7D-4812-A6BA-8FC9B8233693}.Release|ARM.ActiveCfg = Release|Any CPU
		{584234F6-4B7D-4812-A6BA-8FC9B8233693}.Release|ARM.Build.0 = Release|Any CPU
		{584234F6-4B7D-4812-A6BA-8FC9B8233693}.Release|x64.ActiveCfg = Release|Any CPU
		{584234F6-4B7D-4812-A6BA-8FC9B8233693}.Release|x64.Build.0 = Release|Any CPU
		{584234F6-4B7D-4812-A6BA-8FC9B8233693}.Release|x86.ActiveCfg = Release|Any CPU
		{584234F6-4B7D-4812-A6BA-8FC9B8233693}.Release|x86.Build.0 = Release|Any CPU
	EndGlobalSection
	GlobalSection(SolutionProperties) = preSolution
		HideSolutionNode = FALSE
	EndGlobalSection
	GlobalSection(NestedProjects) = preSolution
		{DDDBF813-0227-43E4-854C-0C9153C091D6} = {142DB37D-60E1-4594-8E77-6BC5D38E60C4}
		{4BE384AF-0600-4182-A959-2E35E0828FAF} = {142DB37D-60E1-4594-8E77-6BC5D38E60C4}
		{53DA1140-1AF7-4832-A764-767AD6124A8B} = {142DB37D-60E1-4594-8E77-6BC5D38E60C4}
		{F7517C61-95A8-47F0-AF4F-64BCADC2513E} = {1B6F4B1A-18D2-4A40-8504-BA509CC2C552}
		{0C460439-1955-42CE-B0DA-0BF578FBF66F} = {1B6F4B1A-18D2-4A40-8504-BA509CC2C552}
		{BBFAEC0A-F7DD-4667-BF9A-3DE2246402DB} = {E4477379-7F62-447B-8B12-94337CFFE5D8}
		{5FA2656A-3A9F-43F2-8A5A-A336C2693B80} = {E4477379-7F62-447B-8B12-94337CFFE5D8}
		{3605692E-C428-4062-8405-9973FD07F5D4} = {0E7165EB-DFF8-4645-B694-310BCD9441FC}
		{264208D1-0D26-4455-AF74-2A2A175450C7} = {0E7165EB-DFF8-4645-B694-310BCD9441FC}
		{3EFEF2D1-5D08-46FD-AF6D-098DBE7FB3B4} = {0E7165EB-DFF8-4645-B694-310BCD9441FC}
		{6429D25B-9581-4882-A0BA-2022F7161AD2} = {0E7165EB-DFF8-4645-B694-310BCD9441FC}
		{CC0A72FD-8E95-4EC1-BE3B-A529BFA57261} = {190053B5-4366-4020-AC5D-1CD03E46A010}
		{DBB2FC65-9230-41D6-8990-58F9B1079EDD} = {190053B5-4366-4020-AC5D-1CD03E46A010}
		{1BC1B78E-D71B-4630-AFBC-9604C0A3A9A7} = {A63F8958-4FCA-4ED2-8297-918BC2B00CA5}
		{CE7CD3F0-5C5E-40E2-A937-CBDA0DC719B4} = {A63F8958-4FCA-4ED2-8297-918BC2B00CA5}
		{190053B5-4366-4020-AC5D-1CD03E46A010} = {537C485D-57F7-4108-8CD0-8538C54CB572}
		{A63F8958-4FCA-4ED2-8297-918BC2B00CA5} = {537C485D-57F7-4108-8CD0-8538C54CB572}
		{1F9B572F-733D-4B16-AD32-A54A852EC3AF} = {537C485D-57F7-4108-8CD0-8538C54CB572}
		{D91B975E-7DFE-45EE-BFC8-91791EA3FCBE} = {2E2F3EB7-01C1-4F40-AF96-B0FB06F03D2B}
		{5BDE4C53-98F6-448E-8362-128AD10D1519} = {79803E45-8C83-408A-8003-DCE2762A7B0D}
		{57092857-455C-4F47-A2BF-D1461F935ECC} = {79803E45-8C83-408A-8003-DCE2762A7B0D}
		{E27EEB43-B577-49A6-A53E-2F963CA0805A} = {E4477379-7F62-447B-8B12-94337CFFE5D8}
		{347CA45D-EF31-46D5-8BC9-9AE54C593CA7} = {E4477379-7F62-447B-8B12-94337CFFE5D8}
		{6EC5F919-23E6-44EC-84A7-32DE100718ED} = {6F6F9E1B-3AE2-41F1-B88F-AA72FE434992}
		{584234F6-4B7D-4812-A6BA-8FC9B8233693} = {E4477379-7F62-447B-8B12-94337CFFE5D8}
	EndGlobalSection
	GlobalSection(ExtensibilityGlobals) = postSolution
		SolutionGuid = {7BF211A1-AD9A-4012-8319-C8E74664B742}
	EndGlobalSection
EndGlobal
