
Microsoft Visual Studio Solution File, Format Version 12.00
# Visual Studio 15
VisualStudioVersion = 15.0.28010.2003
MinimumVisualStudioVersion = 10.0.40219.1
Project("{FAE04EC0-301F-11D3-BF4B-00C04F79EFBC}") = "AudioWolfUI", "AudioWolfUI\AudioWolfUI.csproj", "{264208D1-0D26-4455-AF74-2A2A175450C7}"
EndProject
Project("{FAE04EC0-301F-11D3-BF4B-00C04F79EFBC}") = "WaveFormRendererLib", "WaveFormRendererLib\WaveFormRendererLib.csproj", "{3EFEF2D1-5D08-46FD-AF6D-098DBE7FB3B4}"
EndProject
Project("{9A19103F-16F7-4668-BE54-9A1E7A4F7556}") = "AudioWolfStandard", "AudioWolfStandard\AudioWolfStandard.csproj", "{31BF68A3-C7D8-4931-98D3-F99D543CD430}"
EndProject
Project("{FAE04EC0-301F-11D3-BF4B-00C04F79EFBC}") = "AudioWolfStandardUnitTests", "AudioWolfStandardUnitTests\AudioWolfStandardUnitTests.csproj", "{28BEB07D-510D-4821-9FBF-4DCEA3839ED4}"
EndProject
Global
	GlobalSection(SolutionConfigurationPlatforms) = preSolution
		Debug|Any CPU = Debug|Any CPU
		Release|Any CPU = Release|Any CPU
	EndGlobalSection
	GlobalSection(ProjectConfigurationPlatforms) = postSolution
		{264208D1-0D26-4455-AF74-2A2A175450C7}.Debug|Any CPU.ActiveCfg = Debug|Any CPU
		{264208D1-0D26-4455-AF74-2A2A175450C7}.Debug|Any CPU.Build.0 = Debug|Any CPU
		{264208D1-0D26-4455-AF74-2A2A175450C7}.Release|Any CPU.ActiveCfg = Release|Any CPU
		{264208D1-0D26-4455-AF74-2A2A175450C7}.Release|Any CPU.Build.0 = Release|Any CPU
		{3EFEF2D1-5D08-46FD-AF6D-098DBE7FB3B4}.Debug|Any CPU.ActiveCfg = Debug|Any CPU
		{3EFEF2D1-5D08-46FD-AF6D-098DBE7FB3B4}.Debug|Any CPU.Build.0 = Debug|Any CPU
		{3EFEF2D1-5D08-46FD-AF6D-098DBE7FB3B4}.Release|Any CPU.ActiveCfg = Release|Any CPU
		{3EFEF2D1-5D08-46FD-AF6D-098DBE7FB3B4}.Release|Any CPU.Build.0 = Release|Any CPU
		{31BF68A3-C7D8-4931-98D3-F99D543CD430}.Debug|Any CPU.ActiveCfg = Debug|Any CPU
		{31BF68A3-C7D8-4931-98D3-F99D543CD430}.Debug|Any CPU.Build.0 = Debug|Any CPU
		{31BF68A3-C7D8-4931-98D3-F99D543CD430}.Release|Any CPU.ActiveCfg = Release|Any CPU
		{31BF68A3-C7D8-4931-98D3-F99D543CD430}.Release|Any CPU.Build.0 = Release|Any CPU
		{28BEB07D-510D-4821-9FBF-4DCEA3839ED4}.Debug|Any CPU.ActiveCfg = Debug|Any CPU
		{28BEB07D-510D-4821-9FBF-4DCEA3839ED4}.Debug|Any CPU.Build.0 = Debug|Any CPU
		{28BEB07D-510D-4821-9FBF-4DCEA3839ED4}.Release|Any CPU.ActiveCfg = Release|Any CPU
		{28BEB07D-510D-4821-9FBF-4DCEA3839ED4}.Release|Any CPU.Build.0 = Release|Any CPU
	EndGlobalSection
	GlobalSection(SolutionProperties) = preSolution
		HideSolutionNode = FALSE
	EndGlobalSection
	GlobalSection(ExtensibilityGlobals) = postSolution
		SolutionGuid = {BE008F34-C534-487B-B295-8C976F7B28E3}
	EndGlobalSection
EndGlobal
